
Microsoft Visual Studio Solution File, Format Version 12.00
# Visual Studio Version 17
VisualStudioVersion = 17.10.34916.146
MinimumVisualStudioVersion = 10.0.40219.1
Project("{9A19103F-16F7-4668-BE54-9A1E7A4F7556}") = "SupportOperatorsSalaryAPI", "OperatorsSalaryAPI\SupportOperatorsSalaryAPI.csproj", "{100D832F-A070-48C7-9781-ED5344FA6118}"
EndProject
Global
	GlobalSection(SolutionConfigurationPlatforms) = preSolution
		Debug|Any CPU = Debug|Any CPU
		Release|Any CPU = Release|Any CPU
	EndGlobalSection
	GlobalSection(ProjectConfigurationPlatforms) = postSolution
		{100D832F-A070-48C7-9781-ED5344FA6118}.Debug|Any CPU.ActiveCfg = Debug|Any CPU
		{100D832F-A070-48C7-9781-ED5344FA6118}.Debug|Any CPU.Build.0 = Debug|Any CPU
		{100D832F-A070-48C7-9781-ED5344FA6118}.Release|Any CPU.ActiveCfg = Release|Any CPU
		{100D832F-A070-48C7-9781-ED5344FA6118}.Release|Any CPU.Build.0 = Release|Any CPU
	EndGlobalSection
	GlobalSection(SolutionProperties) = preSolution
		HideSolutionNode = FALSE
	EndGlobalSection
	GlobalSection(ExtensibilityGlobals) = postSolution
		SolutionGuid = {BF577E0F-591B-45D1-9542-8B5EF06DB98D}
	EndGlobalSection
EndGlobal
